{
  "name": "T-Horas",
  "lockfileVersion": 2,
  "requires": true,
  "packages": {
    "": {
      "dependencies": {
        "@fontsource/inter": "^5.0.17"
      }
    },
    "node_modules/@fontsource/inter": {
      "version": "5.0.17",
      "resolved": "https://registry.npmjs.org/@fontsource/inter/-/inter-5.0.17.tgz",
      "integrity": "sha512-2meBGx1kt7u5LwzGc5Sz5rka6ZDrydg6nT3x6Wkt310vHXUchIywrO8pooWMzZdHYcyFY/cv4lEpJZgMD94bCg=="
    }
  },
  "dependencies": {
    "@fontsource/inter": {
      "version": "5.0.17",
      "resolved": "https://registry.npmjs.org/@fontsource/inter/-/inter-5.0.17.tgz",
      "integrity": "sha512-2meBGx1kt7u5LwzGc5Sz5rka6ZDrydg6nT3x6Wkt310vHXUchIywrO8pooWMzZdHYcyFY/cv4lEpJZgMD94bCg=="
    }
  }
}
